
Microsoft Visual Studio Solution File, Format Version 12.00
# Visual Studio 15
VisualStudioVersion = 15.0.28010.2048
MinimumVisualStudioVersion = 10.0.40219.1
Project("{FAE04EC0-301F-11D3-BF4B-00C04F79EFBC}") = "LaunchLibrary.Android", "LaunchLibrary\LaunchLibrary.Android\LaunchLibrary.Android.csproj", "{281F1EAF-C582-4017-8989-5EF7377DAEEF}"
EndProject
Project("{FAE04EC0-301F-11D3-BF4B-00C04F79EFBC}") = "LaunchLibrary.iOS", "LaunchLibrary\LaunchLibrary.iOS\LaunchLibrary.iOS.csproj", "{DF4DC48B-EF32-4255-BC35-D5AEBAAFEF9F}"
EndProject
Project("{9A19103F-16F7-4668-BE54-9A1E7A4F7556}") = "LaunchLibrary", "LaunchLibrary\LaunchLibrary\LaunchLibrary.csproj", "{7D63C6E5-0D51-4A4E-AA16-A8F6C2AAABEF}"
EndProject
Global
	GlobalSection(SolutionConfigurationPlatforms) = preSolution
		Ad-Hoc|Any CPU = Ad-Hoc|Any CPU
		Ad-Hoc|iPhone = Ad-Hoc|iPhone
		Ad-Hoc|iPhoneSimulator = Ad-Hoc|iPhoneSimulator
		AppStore|Any CPU = AppStore|Any CPU
		AppStore|iPhone = AppStore|iPhone
		AppStore|iPhoneSimulator = AppStore|iPhoneSimulator
		Debug|Any CPU = Debug|Any CPU
		Debug|iPhone = Debug|iPhone
		Debug|iPhoneSimulator = Debug|iPhoneSimulator
		Release|Any CPU = Release|Any CPU
		Release|iPhone = Release|iPhone
		Release|iPhoneSimulator = Release|iPhoneSimulator
	EndGlobalSection
	GlobalSection(ProjectConfigurationPlatforms) = postSolution
		{281F1EAF-C582-4017-8989-5EF7377DAEEF}.Ad-Hoc|Any CPU.ActiveCfg = Release|Any CPU
		{281F1EAF-C582-4017-8989-5EF7377DAEEF}.Ad-Hoc|Any CPU.Build.0 = Release|Any CPU
		{281F1EAF-C582-4017-8989-5EF7377DAEEF}.Ad-Hoc|Any CPU.Deploy.0 = Release|Any CPU
		{281F1EAF-C582-4017-8989-5EF7377DAEEF}.Ad-Hoc|iPhone.ActiveCfg = Release|Any CPU
		{281F1EAF-C582-4017-8989-5EF7377DAEEF}.Ad-Hoc|iPhone.Build.0 = Release|Any CPU
		{281F1EAF-C582-4017-8989-5EF7377DAEEF}.Ad-Hoc|iPhone.Deploy.0 = Release|Any CPU
		{281F1EAF-C582-4017-8989-5EF7377DAEEF}.Ad-Hoc|iPhoneSimulator.ActiveCfg = Release|Any CPU
		{281F1EAF-C582-4017-8989-5EF7377DAEEF}.Ad-Hoc|iPhoneSimulator.Build.0 = Release|Any CPU
		{281F1EAF-C582-4017-8989-5EF7377DAEEF}.Ad-Hoc|iPhoneSimulator.Deploy.0 = Release|Any CPU
		{281F1EAF-C582-4017-8989-5EF7377DAEEF}.AppStore|Any CPU.ActiveCfg = Release|Any CPU
		{281F1EAF-C582-4017-8989-5EF7377DAEEF}.AppStore|Any CPU.Build.0 = Release|Any CPU
		{281F1EAF-C582-4017-8989-5EF7377DAEEF}.AppStore|Any CPU.Deploy.0 = Release|Any CPU
		{281F1EAF-C582-4017-8989-5EF7377DAEEF}.AppStore|iPhone.ActiveCfg = Release|Any CPU
		{281F1EAF-C582-4017-8989-5EF7377DAEEF}.AppStore|iPhone.Build.0 = Release|Any CPU
		{281F1EAF-C582-4017-8989-5EF7377DAEEF}.AppStore|iPhone.Deploy.0 = Release|Any CPU
		{281F1EAF-C582-4017-8989-5EF7377DAEEF}.AppStore|iPhoneSimulator.ActiveCfg = Release|Any CPU
		{281F1EAF-C582-4017-8989-5EF7377DAEEF}.AppStore|iPhoneSimulator.Build.0 = Release|Any CPU
		{281F1EAF-C582-4017-8989-5EF7377DAEEF}.AppStore|iPhoneSimulator.Deploy.0 = Release|Any CPU
		{281F1EAF-C582-4017-8989-5EF7377DAEEF}.Debug|Any CPU.ActiveCfg = Debug|Any CPU
		{281F1EAF-C582-4017-8989-5EF7377DAEEF}.Debug|Any CPU.Build.0 = Debug|Any CPU
		{281F1EAF-C582-4017-8989-5EF7377DAEEF}.Debug|Any CPU.Deploy.0 = Debug|Any CPU
		{281F1EAF-C582-4017-8989-5EF7377DAEEF}.Debug|iPhone.ActiveCfg = Debug|Any CPU
		{281F1EAF-C582-4017-8989-5EF7377DAEEF}.Debug|iPhone.Build.0 = Debug|Any CPU
		{281F1EAF-C582-4017-8989-5EF7377DAEEF}.Debug|iPhone.Deploy.0 = Debug|Any CPU
		{281F1EAF-C582-4017-8989-5EF7377DAEEF}.Debug|iPhoneSimulator.ActiveCfg = Debug|Any CPU
		{281F1EAF-C582-4017-8989-5EF7377DAEEF}.Debug|iPhoneSimulator.Build.0 = Debug|Any CPU
		{281F1EAF-C582-4017-8989-5EF7377DAEEF}.Debug|iPhoneSimulator.Deploy.0 = Debug|Any CPU
		{281F1EAF-C582-4017-8989-5EF7377DAEEF}.Release|Any CPU.ActiveCfg = Release|Any CPU
		{281F1EAF-C582-4017-8989-5EF7377DAEEF}.Release|Any CPU.Build.0 = Release|Any CPU
		{281F1EAF-C582-4017-8989-5EF7377DAEEF}.Release|Any CPU.Deploy.0 = Release|Any CPU
		{281F1EAF-C582-4017-8989-5EF7377DAEEF}.Release|iPhone.ActiveCfg = Release|Any CPU
		{281F1EAF-C582-4017-8989-5EF7377DAEEF}.Release|iPhone.Build.0 = Release|Any CPU
		{281F1EAF-C582-4017-8989-5EF7377DAEEF}.Release|iPhone.Deploy.0 = Release|Any CPU
		{281F1EAF-C582-4017-8989-5EF7377DAEEF}.Release|iPhoneSimulator.ActiveCfg = Release|Any CPU
		{281F1EAF-C582-4017-8989-5EF7377DAEEF}.Release|iPhoneSimulator.Build.0 = Release|Any CPU
		{281F1EAF-C582-4017-8989-5EF7377DAEEF}.Release|iPhoneSimulator.Deploy.0 = Release|Any CPU
		{DF4DC48B-EF32-4255-BC35-D5AEBAAFEF9F}.Ad-Hoc|Any CPU.ActiveCfg = Ad-Hoc|iPhone
		{DF4DC48B-EF32-4255-BC35-D5AEBAAFEF9F}.Ad-Hoc|Any CPU.Build.0 = Ad-Hoc|iPhone
		{DF4DC48B-EF32-4255-BC35-D5AEBAAFEF9F}.Ad-Hoc|Any CPU.Deploy.0 = Ad-Hoc|iPhone
		{DF4DC48B-EF32-4255-BC35-D5AEBAAFEF9F}.Ad-Hoc|iPhone.ActiveCfg = Ad-Hoc|iPhone
		{DF4DC48B-EF32-4255-BC35-D5AEBAAFEF9F}.Ad-Hoc|iPhone.Build.0 = Ad-Hoc|iPhone
		{DF4DC48B-EF32-4255-BC35-D5AEBAAFEF9F}.Ad-Hoc|iPhone.Deploy.0 = Ad-Hoc|iPhone
		{DF4DC48B-EF32-4255-BC35-D5AEBAAFEF9F}.Ad-Hoc|iPhoneSimulator.ActiveCfg = Ad-Hoc|iPhoneSimulator
		{DF4DC48B-EF32-4255-BC35-D5AEBAAFEF9F}.Ad-Hoc|iPhoneSimulator.Build.0 = Ad-Hoc|iPhoneSimulator
		{DF4DC48B-EF32-4255-BC35-D5AEBAAFEF9F}.Ad-Hoc|iPhoneSimulator.Deploy.0 = Ad-Hoc|iPhoneSimulator
		{DF4DC48B-EF32-4255-BC35-D5AEBAAFEF9F}.AppStore|Any CPU.ActiveCfg = AppStore|iPhone
		{DF4DC48B-EF32-4255-BC35-D5AEBAAFEF9F}.AppStore|Any CPU.Build.0 = AppStore|iPhone
		{DF4DC48B-EF32-4255-BC35-D5AEBAAFEF9F}.AppStore|Any CPU.Deploy.0 = AppStore|iPhone
		{DF4DC48B-EF32-4255-BC35-D5AEBAAFEF9F}.AppStore|iPhone.ActiveCfg = AppStore|iPhone
		{DF4DC48B-EF32-4255-BC35-D5AEBAAFEF9F}.AppStore|iPhone.Build.0 = AppStore|iPhone
		{DF4DC48B-EF32-4255-BC35-D5AEBAAFEF9F}.AppStore|iPhone.Deploy.0 = AppStore|iPhone
		{DF4DC48B-EF32-4255-BC35-D5AEBAAFEF9F}.AppStore|iPhoneSimulator.ActiveCfg = AppStore|iPhoneSimulator
		{DF4DC48B-EF32-4255-BC35-D5AEBAAFEF9F}.AppStore|iPhoneSimulator.Build.0 = AppStore|iPhoneSimulator
		{DF4DC48B-EF32-4255-BC35-D5AEBAAFEF9F}.AppStore|iPhoneSimulator.Deploy.0 = AppStore|iPhoneSimulator
		{DF4DC48B-EF32-4255-BC35-D5AEBAAFEF9F}.Debug|Any CPU.ActiveCfg = Debug|iPhoneSimulator
		{DF4DC48B-EF32-4255-BC35-D5AEBAAFEF9F}.Debug|Any CPU.Build.0 = Debug|iPhoneSimulator
		{DF4DC48B-EF32-4255-BC35-D5AEBAAFEF9F}.Debug|Any CPU.Deploy.0 = Debug|iPhoneSimulator
		{DF4DC48B-EF32-4255-BC35-D5AEBAAFEF9F}.Debug|iPhone.ActiveCfg = Debug|iPhone
		{DF4DC48B-EF32-4255-BC35-D5AEBAAFEF9F}.Debug|iPhone.Build.0 = Debug|iPhone
		{DF4DC48B-EF32-4255-BC35-D5AEBAAFEF9F}.Debug|iPhone.Deploy.0 = Debug|iPhone
		{DF4DC48B-EF32-4255-BC35-D5AEBAAFEF9F}.Debug|iPhoneSimulator.ActiveCfg = Debug|iPhoneSimulator
		{DF4DC48B-EF32-4255-BC35-D5AEBAAFEF9F}.Debug|iPhoneSimulator.Build.0 = Debug|iPhoneSimulator
		{DF4DC48B-EF32-4255-BC35-D5AEBAAFEF9F}.Debug|iPhoneSimulator.Deploy.0 = Debug|iPhoneSimulator
		{DF4DC48B-EF32-4255-BC35-D5AEBAAFEF9F}.Release|Any CPU.ActiveCfg = Release|iPhone
		{DF4DC48B-EF32-4255-BC35-D5AEBAAFEF9F}.Release|Any CPU.Build.0 = Release|iPhone
		{DF4DC48B-EF32-4255-BC35-D5AEBAAFEF9F}.Release|Any CPU.Deploy.0 = Release|iPhone
		{DF4DC48B-EF32-4255-BC35-D5AEBAAFEF9F}.Release|iPhone.ActiveCfg = Release|iPhone
		{DF4DC48B-EF32-4255-BC35-D5AEBAAFEF9F}.Release|iPhone.Build.0 = Release|iPhone
		{DF4DC48B-EF32-4255-BC35-D5AEBAAFEF9F}.Release|iPhone.Deploy.0 = Release|iPhone
		{DF4DC48B-EF32-4255-BC35-D5AEBAAFEF9F}.Release|iPhoneSimulator.ActiveCfg = Release|iPhoneSimulator
		{DF4DC48B-EF32-4255-BC35-D5AEBAAFEF9F}.Release|iPhoneSimulator.Build.0 = Release|iPhoneSimulator
		{DF4DC48B-EF32-4255-BC35-D5AEBAAFEF9F}.Release|iPhoneSimulator.Deploy.0 = Release|iPhoneSimulator
		{7D63C6E5-0D51-4A4E-AA16-A8F6C2AAABEF}.Ad-Hoc|Any CPU.ActiveCfg = Debug|Any CPU
		{7D63C6E5-0D51-4A4E-AA16-A8F6C2AAABEF}.Ad-Hoc|Any CPU.Build.0 = Debug|Any CPU
		{7D63C6E5-0D51-4A4E-AA16-A8F6C2AAABEF}.Ad-Hoc|Any CPU.Deploy.0 = Debug|Any CPU
		{7D63C6E5-0D51-4A4E-AA16-A8F6C2AAABEF}.Ad-Hoc|iPhone.ActiveCfg = Debug|Any CPU
		{7D63C6E5-0D51-4A4E-AA16-A8F6C2AAABEF}.Ad-Hoc|iPhone.Build.0 = Debug|Any CPU
		{7D63C6E5-0D51-4A4E-AA16-A8F6C2AAABEF}.Ad-Hoc|iPhone.Deploy.0 = Debug|Any CPU
		{7D63C6E5-0D51-4A4E-AA16-A8F6C2AAABEF}.Ad-Hoc|iPhoneSimulator.ActiveCfg = Debug|Any CPU
		{7D63C6E5-0D51-4A4E-AA16-A8F6C2AAABEF}.Ad-Hoc|iPhoneSimulator.Build.0 = Debug|Any CPU
		{7D63C6E5-0D51-4A4E-AA16-A8F6C2AAABEF}.Ad-Hoc|iPhoneSimulator.Deploy.0 = Debug|Any CPU
		{7D63C6E5-0D51-4A4E-AA16-A8F6C2AAABEF}.AppStore|Any CPU.ActiveCfg = Debug|Any CPU
		{7D63C6E5-0D51-4A4E-AA16-A8F6C2AAABEF}.AppStore|Any CPU.Build.0 = Debug|Any CPU
		{7D63C6E5-0D51-4A4E-AA16-A8F6C2AAABEF}.AppStore|Any CPU.Deploy.0 = Debug|Any CPU
		{7D63C6E5-0D51-4A4E-AA16-A8F6C2AAABEF}.AppStore|iPhone.ActiveCfg = Debug|Any CPU
		{7D63C6E5-0D51-4A4E-AA16-A8F6C2AAABEF}.AppStore|iPhone.Build.0 = Debug|Any CPU
		{7D63C6E5-0D51-4A4E-AA16-A8F6C2AAABEF}.AppStore|iPhone.Deploy.0 = Debug|Any CPU
		{7D63C6E5-0D51-4A4E-AA16-A8F6C2AAABEF}.AppStore|iPhoneSimulator.ActiveCfg = Debug|Any CPU
		{7D63C6E5-0D51-4A4E-AA16-A8F6C2AAABEF}.AppStore|iPhoneSimulator.Build.0 = Debug|Any CPU
		{7D63C6E5-0D51-4A4E-AA16-A8F6C2AAABEF}.AppStore|iPhoneSimulator.Deploy.0 = Debug|Any CPU
		{7D63C6E5-0D51-4A4E-AA16-A8F6C2AAABEF}.Debug|Any CPU.ActiveCfg = Debug|Any CPU
		{7D63C6E5-0D51-4A4E-AA16-A8F6C2AAABEF}.Debug|Any CPU.Build.0 = Debug|Any CPU
		{7D63C6E5-0D51-4A4E-AA16-A8F6C2AAABEF}.Debug|Any CPU.Deploy.0 = Debug|Any CPU
		{7D63C6E5-0D51-4A4E-AA16-A8F6C2AAABEF}.Debug|iPhone.ActiveCfg = Debug|Any CPU
		{7D63C6E5-0D51-4A4E-AA16-A8F6C2AAABEF}.Debug|iPhone.Build.0 = Debug|Any CPU
		{7D63C6E5-0D51-4A4E-AA16-A8F6C2AAABEF}.Debug|iPhone.Deploy.0 = Debug|Any CPU
		{7D63C6E5-0D51-4A4E-AA16-A8F6C2AAABEF}.Debug|iPhoneSimulator.ActiveCfg = Debug|Any CPU
		{7D63C6E5-0D51-4A4E-AA16-A8F6C2AAABEF}.Debug|iPhoneSimulator.Build.0 = Debug|Any CPU
		{7D63C6E5-0D51-4A4E-AA16-A8F6C2AAABEF}.Debug|iPhoneSimulator.Deploy.0 = Debug|Any CPU
		{7D63C6E5-0D51-4A4E-AA16-A8F6C2AAABEF}.Release|Any CPU.ActiveCfg = Release|Any CPU
		{7D63C6E5-0D51-4A4E-AA16-A8F6C2AAABEF}.Release|Any CPU.Build.0 = Release|Any CPU
		{7D63C6E5-0D51-4A4E-AA16-A8F6C2AAABEF}.Release|Any CPU.Deploy.0 = Release|Any CPU
		{7D63C6E5-0D51-4A4E-AA16-A8F6C2AAABEF}.Release|iPhone.ActiveCfg = Release|Any CPU
		{7D63C6E5-0D51-4A4E-AA16-A8F6C2AAABEF}.Release|iPhone.Build.0 = Release|Any CPU
		{7D63C6E5-0D51-4A4E-AA16-A8F6C2AAABEF}.Release|iPhone.Deploy.0 = Release|Any CPU
		{7D63C6E5-0D51-4A4E-AA16-A8F6C2AAABEF}.Release|iPhoneSimulator.ActiveCfg = Release|Any CPU
		{7D63C6E5-0D51-4A4E-AA16-A8F6C2AAABEF}.Release|iPhoneSimulator.Build.0 = Release|Any CPU
		{7D63C6E5-0D51-4A4E-AA16-A8F6C2AAABEF}.Release|iPhoneSimulator.Deploy.0 = Release|Any CPU
	EndGlobalSection
	GlobalSection(SolutionProperties) = preSolution
		HideSolutionNode = FALSE
	EndGlobalSection
	GlobalSection(ExtensibilityGlobals) = postSolution
		SolutionGuid = {032A3FD2-49A5-4A5C-9357-DDE63A031CED}
	EndGlobalSection
EndGlobal
